
Microsoft Visual Studio Solution File, Format Version 12.00
# Visual Studio Version 16
VisualStudioVersion = 16.0.30611.23
MinimumVisualStudioVersion = 10.0.40219.1
Project("{FAE04EC0-301F-11D3-BF4B-00C04F79EFBC}") = "DataStructuresProject- UI", "DataStructuresProject- WPF\DataStructuresProject- UI.csproj", "{D6749A45-5E7C-4F63-BE1C-F64882236E97}"
EndProject
Project("{FAE04EC0-301F-11D3-BF4B-00C04F79EFBC}") = "BL", "BL\BL.csproj", "{BB7782DF-92D7-453F-B84D-C379BA37FF90}"
EndProject
Project("{FAE04EC0-301F-11D3-BF4B-00C04F79EFBC}") = "Models", "Models\Models.csproj", "{30BB7C63-B1B1-4FC7-82FF-A0C696EAC1D6}"
EndProject
Global
	GlobalSection(SolutionConfigurationPlatforms) = preSolution
		Debug|Any CPU = Debug|Any CPU
		Release|Any CPU = Release|Any CPU
	EndGlobalSection
	GlobalSection(ProjectConfigurationPlatforms) = postSolution
		{D6749A45-5E7C-4F63-BE1C-F64882236E97}.Debug|Any CPU.ActiveCfg = Debug|Any CPU
		{D6749A45-5E7C-4F63-BE1C-F64882236E97}.Debug|Any CPU.Build.0 = Debug|Any CPU
		{D6749A45-5E7C-4F63-BE1C-F64882236E97}.Release|Any CPU.ActiveCfg = Release|Any CPU
		{D6749A45-5E7C-4F63-BE1C-F64882236E97}.Release|Any CPU.Build.0 = Release|Any CPU
		{BB7782DF-92D7-453F-B84D-C379BA37FF90}.Debug|Any CPU.ActiveCfg = Debug|Any CPU
		{BB7782DF-92D7-453F-B84D-C379BA37FF90}.Debug|Any CPU.Build.0 = Debug|Any CPU
		{BB7782DF-92D7-453F-B84D-C379BA37FF90}.Release|Any CPU.ActiveCfg = Release|Any CPU
		{BB7782DF-92D7-453F-B84D-C379BA37FF90}.Release|Any CPU.Build.0 = Release|Any CPU
		{30BB7C63-B1B1-4FC7-82FF-A0C696EAC1D6}.Debug|Any CPU.ActiveCfg = Debug|Any CPU
		{30BB7C63-B1B1-4FC7-82FF-A0C696EAC1D6}.Debug|Any CPU.Build.0 = Debug|Any CPU
		{30BB7C63-B1B1-4FC7-82FF-A0C696EAC1D6}.Release|Any CPU.ActiveCfg = Release|Any CPU
		{30BB7C63-B1B1-4FC7-82FF-A0C696EAC1D6}.Release|Any CPU.Build.0 = Release|Any CPU
	EndGlobalSection
	GlobalSection(SolutionProperties) = preSolution
		HideSolutionNode = FALSE
	EndGlobalSection
	GlobalSection(ExtensibilityGlobals) = postSolution
		SolutionGuid = {703D7F56-2418-4F47-81B7-E34DCF78C582}
	EndGlobalSection
EndGlobal
